
Microsoft Visual Studio Solution File, Format Version 12.00
# Visual Studio 15
VisualStudioVersion = 15.0.27703.2000
MinimumVisualStudioVersion = 10.0.40219.1
Project("{FAE04EC0-301F-11D3-BF4B-00C04F79EFBC}") = "FanKit", "FanKit\FanKit.csproj", "{4D1811E6-D507-43D3-8A28-141824E3C7BA}"
EndProject
Project("{FAE04EC0-301F-11D3-BF4B-00C04F79EFBC}") = "FanKit.Control", "FanKit.Control\FanKit.Control.csproj", "{B3C72DCB-090F-4C63-B5ED-B018CEF76D2D}"
EndProject
Project("{FAE04EC0-301F-11D3-BF4B-00C04F79EFBC}") = "FanKit.Win2Ds", "FanKit.Win2Ds\FanKit.Win2Ds.csproj", "{902F20CA-E8A3-48EA-A284-777689945AE2}"
EndProject
Project("{FAE04EC0-301F-11D3-BF4B-00C04F79EFBC}") = "FanKit.TestApp", "FanKit.TestApp\FanKit.TestApp.csproj", "{CCF38954-1BEC-4748-BB04-B9C5784FFC87}"
EndProject
Global
	GlobalSection(SolutionConfigurationPlatforms) = preSolution
		Debug|Any CPU = Debug|Any CPU
		Debug|ARM = Debug|ARM
		Debug|x64 = Debug|x64
		Debug|x86 = Debug|x86
		Release|Any CPU = Release|Any CPU
		Release|ARM = Release|ARM
		Release|x64 = Release|x64
		Release|x86 = Release|x86
	EndGlobalSection
	GlobalSection(ProjectConfigurationPlatforms) = postSolution
		{4D1811E6-D507-43D3-8A28-141824E3C7BA}.Debug|Any CPU.ActiveCfg = Debug|x86
		{4D1811E6-D507-43D3-8A28-141824E3C7BA}.Debug|ARM.ActiveCfg = Debug|ARM
		{4D1811E6-D507-43D3-8A28-141824E3C7BA}.Debug|ARM.Build.0 = Debug|ARM
		{4D1811E6-D507-43D3-8A28-141824E3C7BA}.Debug|ARM.Deploy.0 = Debug|ARM
		{4D1811E6-D507-43D3-8A28-141824E3C7BA}.Debug|x64.ActiveCfg = Debug|x64
		{4D1811E6-D507-43D3-8A28-141824E3C7BA}.Debug|x64.Build.0 = Debug|x64
		{4D1811E6-D507-43D3-8A28-141824E3C7BA}.Debug|x64.Deploy.0 = Debug|x64
		{4D1811E6-D507-43D3-8A28-141824E3C7BA}.Debug|x86.ActiveCfg = Debug|x86
		{4D1811E6-D507-43D3-8A28-141824E3C7BA}.Debug|x86.Build.0 = Debug|x86
		{4D1811E6-D507-43D3-8A28-141824E3C7BA}.Debug|x86.Deploy.0 = Debug|x86
		{4D1811E6-D507-43D3-8A28-141824E3C7BA}.Release|Any CPU.ActiveCfg = Release|x86
		{4D1811E6-D507-43D3-8A28-141824E3C7BA}.Release|ARM.ActiveCfg = Release|ARM
		{4D1811E6-D507-43D3-8A28-141824E3C7BA}.Release|ARM.Build.0 = Release|ARM
		{4D1811E6-D507-43D3-8A28-141824E3C7BA}.Release|ARM.Deploy.0 = Release|ARM
		{4D1811E6-D507-43D3-8A28-141824E3C7BA}.Release|x64.ActiveCfg = Release|x64
		{4D1811E6-D507-43D3-8A28-141824E3C7BA}.Release|x64.Build.0 = Release|x64
		{4D1811E6-D507-43D3-8A28-141824E3C7BA}.Release|x64.Deploy.0 = Release|x64
		{4D1811E6-D507-43D3-8A28-141824E3C7BA}.Release|x86.ActiveCfg = Release|x86
		{4D1811E6-D507-43D3-8A28-141824E3C7BA}.Release|x86.Build.0 = Release|x86
		{4D1811E6-D507-43D3-8A28-141824E3C7BA}.Release|x86.Deploy.0 = Release|x86
		{B3C72DCB-090F-4C63-B5ED-B018CEF76D2D}.Debug|Any CPU.ActiveCfg = Debug|Any CPU
		{B3C72DCB-090F-4C63-B5ED-B018CEF76D2D}.Debug|Any CPU.Build.0 = Debug|Any CPU
		{B3C72DCB-090F-4C63-B5ED-B018CEF76D2D}.Debug|ARM.ActiveCfg = Debug|ARM
		{B3C72DCB-090F-4C63-B5ED-B018CEF76D2D}.Debug|ARM.Build.0 = Debug|ARM
		{B3C72DCB-090F-4C63-B5ED-B018CEF76D2D}.Debug|x64.ActiveCfg = Debug|x64
		{B3C72DCB-090F-4C63-B5ED-B018CEF76D2D}.Debug|x64.Build.0 = Debug|x64
		{B3C72DCB-090F-4C63-B5ED-B018CEF76D2D}.Debug|x86.ActiveCfg = Debug|x86
		{B3C72DCB-090F-4C63-B5ED-B018CEF76D2D}.Debug|x86.Build.0 = Debug|x86
		{B3C72DCB-090F-4C63-B5ED-B018CEF76D2D}.Release|Any CPU.ActiveCfg = Release|Any CPU
		{B3C72DCB-090F-4C63-B5ED-B018CEF76D2D}.Release|Any CPU.Build.0 = Release|Any CPU
		{B3C72DCB-090F-4C63-B5ED-B018CEF76D2D}.Release|ARM.ActiveCfg = Release|ARM
		{B3C72DCB-090F-4C63-B5ED-B018CEF76D2D}.Release|ARM.Build.0 = Release|ARM
		{B3C72DCB-090F-4C63-B5ED-B018CEF76D2D}.Release|x64.ActiveCfg = Release|x64
		{B3C72DCB-090F-4C63-B5ED-B018CEF76D2D}.Release|x64.Build.0 = Release|x64
		{B3C72DCB-090F-4C63-B5ED-B018CEF76D2D}.Release|x86.ActiveCfg = Release|x86
		{B3C72DCB-090F-4C63-B5ED-B018CEF76D2D}.Release|x86.Build.0 = Release|x86
		{902F20CA-E8A3-48EA-A284-777689945AE2}.Debug|Any CPU.ActiveCfg = Debug|Any CPU
		{902F20CA-E8A3-48EA-A284-777689945AE2}.Debug|Any CPU.Build.0 = Debug|Any CPU
		{902F20CA-E8A3-48EA-A284-777689945AE2}.Debug|ARM.ActiveCfg = Debug|ARM
		{902F20CA-E8A3-48EA-A284-777689945AE2}.Debug|ARM.Build.0 = Debug|ARM
		{902F20CA-E8A3-48EA-A284-777689945AE2}.Debug|x64.ActiveCfg = Debug|x64
		{902F20CA-E8A3-48EA-A284-777689945AE2}.Debug|x64.Build.0 = Debug|x64
		{902F20CA-E8A3-48EA-A284-777689945AE2}.Debug|x86.ActiveCfg = Debug|x86
		{902F20CA-E8A3-48EA-A284-777689945AE2}.Debug|x86.Build.0 = Debug|x86
		{902F20CA-E8A3-48EA-A284-777689945AE2}.Release|Any CPU.ActiveCfg = Release|Any CPU
		{902F20CA-E8A3-48EA-A284-777689945AE2}.Release|Any CPU.Build.0 = Release|Any CPU
		{902F20CA-E8A3-48EA-A284-777689945AE2}.Release|ARM.ActiveCfg = Release|ARM
		{902F20CA-E8A3-48EA-A284-777689945AE2}.Release|ARM.Build.0 = Release|ARM
		{902F20CA-E8A3-48EA-A284-777689945AE2}.Release|x64.ActiveCfg = Release|x64
		{902F20CA-E8A3-48EA-A284-777689945AE2}.Release|x64.Build.0 = Release|x64
		{902F20CA-E8A3-48EA-A284-777689945AE2}.Release|x86.ActiveCfg = Release|x86
		{902F20CA-E8A3-48EA-A284-777689945AE2}.Release|x86.Build.0 = Release|x86
		{CCF38954-1BEC-4748-BB04-B9C5784FFC87}.Debug|Any CPU.ActiveCfg = Debug|x86
		{CCF38954-1BEC-4748-BB04-B9C5784FFC87}.Debug|ARM.ActiveCfg = Debug|ARM
		{CCF38954-1BEC-4748-BB04-B9C5784FFC87}.Debug|ARM.Build.0 = Debug|ARM
		{CCF38954-1BEC-4748-BB04-B9C5784FFC87}.Debug|ARM.Deploy.0 = Debug|ARM
		{CCF38954-1BEC-4748-BB04-B9C5784FFC87}.Debug|x64.ActiveCfg = Debug|x64
		{CCF38954-1BEC-4748-BB04-B9C5784FFC87}.Debug|x64.Build.0 = Debug|x64
		{CCF38954-1BEC-4748-BB04-B9C5784FFC87}.Debug|x64.Deploy.0 = Debug|x64
		{CCF38954-1BEC-4748-BB04-B9C5784FFC87}.Debug|x86.ActiveCfg = Debug|x86
		{CCF38954-1BEC-4748-BB04-B9C5784FFC87}.Debug|x86.Build.0 = Debug|x86
		{CCF38954-1BEC-4748-BB04-B9C5784FFC87}.Debug|x86.Deploy.0 = Debug|x86
		{CCF38954-1BEC-4748-BB04-B9C5784FFC87}.Release|Any CPU.ActiveCfg = Release|x86
		{CCF38954-1BEC-4748-BB04-B9C5784FFC87}.Release|ARM.ActiveCfg = Release|ARM
		{CCF38954-1BEC-4748-BB04-B9C5784FFC87}.Release|ARM.Build.0 = Release|ARM
		{CCF38954-1BEC-4748-BB04-B9C5784FFC87}.Release|ARM.Deploy.0 = Release|ARM
		{CCF38954-1BEC-4748-BB04-B9C5784FFC87}.Release|x64.ActiveCfg = Release|x64
		{CCF38954-1BEC-4748-BB04-B9C5784FFC87}.Release|x64.Build.0 = Release|x64
		{CCF38954-1BEC-4748-BB04-B9C5784FFC87}.Release|x64.Deploy.0 = Release|x64
		{CCF38954-1BEC-4748-BB04-B9C5784FFC87}.Release|x86.ActiveCfg = Release|x86
		{CCF38954-1BEC-4748-BB04-B9C5784FFC87}.Release|x86.Build.0 = Release|x86
		{CCF38954-1BEC-4748-BB04-B9C5784FFC87}.Release|x86.Deploy.0 = Release|x86
	EndGlobalSection
	GlobalSection(SolutionProperties) = preSolution
		HideSolutionNode = FALSE
	EndGlobalSection
	GlobalSection(ExtensibilityGlobals) = postSolution
		SolutionGuid = {9493490D-08DA-4619-A1F0-2BAEA9A30F3B}
	EndGlobalSection
EndGlobal
